PODS:
  - Action (3.10.0):
    - RxCocoa (~> 4.3)
    - RxSwift (~> 4.3)
  - Alamofire (4.8.1)
  - Differentiator (3.1.0)
  - RxAlamofire (4.3.0):
    - RxAlamofire/Core (= 4.3.0)
  - RxAlamofire/Core (4.3.0):
    - Alamofire (~> 4.5)
    - RxSwift (~> 4)
  - RxAtomic (4.4.1)
  - RxCocoa (4.4.1):
    - RxSwift (~> 4.0)
  - RxDataSources (3.1.0):
    - Differentiator (~> 3.0)
    - RxCocoa (~> 4.0)
    - RxSwift (~> 4.0)
  - RxSwift (4.4.1):
    - RxAtomic (~> 4.4)
  - SnapKit (4.2.0)

DEPENDENCIES:
  - Action
  - RxAlamofire
  - RxCocoa
  - RxDataSources
  - RxSwift
  - SnapKit

SPEC REPOS:
  https://github.com/cocoapods/specs.git:
    - Action
    - Alamofire
    - Differentiator
    - RxAlamofire
    - RxAtomic
    - RxCocoa
    - RxDataSources
    - RxSwift
    - SnapKit

SPEC CHECKSUMS:
  Action: 24de4abf6efecd239fa7d8e923df010a12f153d9
  Alamofire: 16ce2c353fb72865124ddae8a57c5942388f4f11
  Differentiator: be49ca3408f0ecfc761e4c7763d20c62be01b9ad
  RxAlamofire: 09624d0f2d48ed8b686e4eb4cf68e28cbd2df556
  RxAtomic: f8d6adc1ccb87a767811269e4875887bc74dbf19
  RxCocoa: 2f35a76bf8887872e28a1914112395b11b8e0e64
  RxDataSources: a843bad90c29817f5923ec8163f4af2de084ceb3
  RxSwift: 92fcf68dfef21f3e2ab1965363d9e7b3d787597e
  SnapKit: fe8a619752f3f27075cc9a90244d75c6c3f27e2a

PODFILE CHECKSUM: 92aac79dabb8134b4e9b10d7d0ab9f6126ac5018

COCOAPODS: 1.5.3
